
Microsoft Visual Studio Solution File, Format Version 12.00
# Visual Studio Version 17
VisualStudioVersion = 17.5.33502.453
MinimumVisualStudioVersion = 10.0.40219.1
Project("{9A19103F-16F7-4668-BE54-9A1E7A4F7556}") = "StrategyMine", "StrategyMine\StrategyMine.csproj", "{AC2E3634-D744-4BEF-AD28-4516B681E30F}"
EndProject
Project("{9A19103F-16F7-4668-BE54-9A1E7A4F7556}") = "WithoutStrategy", "WithoutStrategy\WithoutStrategy.csproj", "{2A66EDF7-5A98-4A22-9BC1-5EF4D9A5B4CA}"
EndProject
Project("{9A19103F-16F7-4668-BE54-9A1E7A4F7556}") = "StrategyDelegates", "StrategyDelegates\StrategyDelegates.csproj", "{822C17AE-C83E-4ED5-A334-A790409028DF}"
EndProject
Global
	GlobalSection(SolutionConfigurationPlatforms) = preSolution
		Debug|Any CPU = Debug|Any CPU
		Release|Any CPU = Release|Any CPU
	EndGlobalSection
	GlobalSection(ProjectConfigurationPlatforms) = postSolution
		{AC2E3634-D744-4BEF-AD28-4516B681E30F}.Debug|Any CPU.ActiveCfg = Debug|Any CPU
		{AC2E3634-D744-4BEF-AD28-4516B681E30F}.Debug|Any CPU.Build.0 = Debug|Any CPU
		{AC2E3634-D744-4BEF-AD28-4516B681E30F}.Release|Any CPU.ActiveCfg = Release|Any CPU
		{AC2E3634-D744-4BEF-AD28-4516B681E30F}.Release|Any CPU.Build.0 = Release|Any CPU
		{2A66EDF7-5A98-4A22-9BC1-5EF4D9A5B4CA}.Debug|Any CPU.ActiveCfg = Debug|Any CPU
		{2A66EDF7-5A98-4A22-9BC1-5EF4D9A5B4CA}.Debug|Any CPU.Build.0 = Debug|Any CPU
		{2A66EDF7-5A98-4A22-9BC1-5EF4D9A5B4CA}.Release|Any CPU.ActiveCfg = Release|Any CPU
		{2A66EDF7-5A98-4A22-9BC1-5EF4D9A5B4CA}.Release|Any CPU.Build.0 = Release|Any CPU
		{822C17AE-C83E-4ED5-A334-A790409028DF}.Debug|Any CPU.ActiveCfg = Debug|Any CPU
		{822C17AE-C83E-4ED5-A334-A790409028DF}.Debug|Any CPU.Build.0 = Debug|Any CPU
		{822C17AE-C83E-4ED5-A334-A790409028DF}.Release|Any CPU.ActiveCfg = Release|Any CPU
		{822C17AE-C83E-4ED5-A334-A790409028DF}.Release|Any CPU.Build.0 = Release|Any CPU
	EndGlobalSection
	GlobalSection(SolutionProperties) = preSolution
		HideSolutionNode = FALSE
	EndGlobalSection
	GlobalSection(ExtensibilityGlobals) = postSolution
		SolutionGuid = {EBB0C17D-768A-4904-8B54-CFF01D16DE24}
	EndGlobalSection
EndGlobal
